
Microsoft Visual Studio Solution File, Format Version 12.00
# Visual Studio Version 17
VisualStudioVersion = 17.8.34330.188
MinimumVisualStudioVersion = 10.0.40219.1
Project("{2150E333-8FDC-42A3-9474-1A3956D46DE8}") = "Services", "Services", "{A2AC095A-5010-43B1-9CDA-733BC66A0068}"
EndProject
Project("{2150E333-8FDC-42A3-9474-1A3956D46DE8}") = "Catalog", "Catalog", "{26EA6376-CEFD-468D-A039-108152CCF974}"
EndProject
Project("{FAE04EC0-301F-11D3-BF4B-00C04F79EFBC}") = "Catalog.API", "src\Services\Catalog\Catalog.API\Catalog.API.csproj", "{6C05F9E8-A525-4DCA-A6C3-4DB3245308A9}"
EndProject
Project("{2150E333-8FDC-42A3-9474-1A3956D46DE8}") = "BuildingBlocks", "BuildingBlocks", "{AC9F6BF8-59C4-4445-BA5A-A78DA8447020}"
EndProject
Project("{FAE04EC0-301F-11D3-BF4B-00C04F79EFBC}") = "BuildingBlocks", "src\BuildingBlocks\BuildingBlocks\BuildingBlocks.csproj", "{270792F6-D858-4AEF-A033-95B413E53CF1}"
EndProject
Project("{2150E333-8FDC-42A3-9474-1A3956D46DE8}") = "Basket", "Basket", "{59211A7A-B196-4EDD-ABA1-8BEF36D3DCFA}"
EndProject
Project("{FAE04EC0-301F-11D3-BF4B-00C04F79EFBC}") = "Basket.API", "src\Services\Basket\Basket.API\Basket.API.csproj", "{338CA541-B836-43AC-81DC-2228510DA756}"
EndProject
Global
	GlobalSection(SolutionConfigurationPlatforms) = preSolution
		Debug|Any CPU = Debug|Any CPU
		Release|Any CPU = Release|Any CPU
	EndGlobalSection
	GlobalSection(ProjectConfigurationPlatforms) = postSolution
		{6C05F9E8-A525-4DCA-A6C3-4DB3245308A9}.Debug|Any CPU.ActiveCfg = Debug|Any CPU
		{6C05F9E8-A525-4DCA-A6C3-4DB3245308A9}.Debug|Any CPU.Build.0 = Debug|Any CPU
		{6C05F9E8-A525-4DCA-A6C3-4DB3245308A9}.Release|Any CPU.ActiveCfg = Release|Any CPU
		{6C05F9E8-A525-4DCA-A6C3-4DB3245308A9}.Release|Any CPU.Build.0 = Release|Any CPU
		{270792F6-D858-4AEF-A033-95B413E53CF1}.Debug|Any CPU.ActiveCfg = Debug|Any CPU
		{270792F6-D858-4AEF-A033-95B413E53CF1}.Debug|Any CPU.Build.0 = Debug|Any CPU
		{270792F6-D858-4AEF-A033-95B413E53CF1}.Release|Any CPU.ActiveCfg = Release|Any CPU
		{270792F6-D858-4AEF-A033-95B413E53CF1}.Release|Any CPU.Build.0 = Release|Any CPU
		{338CA541-B836-43AC-81DC-2228510DA756}.Debug|Any CPU.ActiveCfg = Debug|Any CPU
		{338CA541-B836-43AC-81DC-2228510DA756}.Debug|Any CPU.Build.0 = Debug|Any CPU
		{338CA541-B836-43AC-81DC-2228510DA756}.Release|Any CPU.ActiveCfg = Release|Any CPU
		{338CA541-B836-43AC-81DC-2228510DA756}.Release|Any CPU.Build.0 = Release|Any CPU
	EndGlobalSection
	GlobalSection(SolutionProperties) = preSolution
		HideSolutionNode = FALSE
	EndGlobalSection
	GlobalSection(NestedProjects) = preSolution
		{26EA6376-CEFD-468D-A039-108152CCF974} = {A2AC095A-5010-43B1-9CDA-733BC66A0068}
		{6C05F9E8-A525-4DCA-A6C3-4DB3245308A9} = {26EA6376-CEFD-468D-A039-108152CCF974}
		{270792F6-D858-4AEF-A033-95B413E53CF1} = {AC9F6BF8-59C4-4445-BA5A-A78DA8447020}
		{59211A7A-B196-4EDD-ABA1-8BEF36D3DCFA} = {A2AC095A-5010-43B1-9CDA-733BC66A0068}
		{338CA541-B836-43AC-81DC-2228510DA756} = {59211A7A-B196-4EDD-ABA1-8BEF36D3DCFA}
	EndGlobalSection
	GlobalSection(ExtensibilityGlobals) = postSolution
		SolutionGuid = {CC54F95F-DB5A-4219-9954-8CCB6E60FAD7}
	EndGlobalSection
EndGlobal
