
Microsoft Visual Studio Solution File, Format Version 12.00
# Visual Studio Version 17
VisualStudioVersion = 17.8.34330.188
MinimumVisualStudioVersion = 10.0.40219.1
Project("{2150E333-8FDC-42A3-9474-1A3956D46DE8}") = "Services", "Services", "{A2AC095A-5010-43B1-9CDA-733BC66A0068}"
EndProject
Project("{2150E333-8FDC-42A3-9474-1A3956D46DE8}") = "Catalog", "Catalog", "{26EA6376-CEFD-468D-A039-108152CCF974}"
EndProject
Project("{9A19103F-16F7-4668-BE54-9A1E7A4F7556}") = "Catalog.API", "src\Services\Catalog\Catalog.API\Catalog.API.csproj", "{6C05F9E8-A525-4DCA-A6C3-4DB3245308A9}"
EndProject
Project("{2150E333-8FDC-42A3-9474-1A3956D46DE8}") = "BuildingBlocks", "BuildingBlocks", "{AC9F6BF8-59C4-4445-BA5A-A78DA8447020}"
EndProject
Project("{9A19103F-16F7-4668-BE54-9A1E7A4F7556}") = "BuildingBlocks", "src\BuildingBlocks\BuildingBlocks\BuildingBlocks.csproj", "{270792F6-D858-4AEF-A033-95B413E53CF1}"
EndProject
Project("{2150E333-8FDC-42A3-9474-1A3956D46DE8}") = "Basket", "Basket", "{59211A7A-B196-4EDD-ABA1-8BEF36D3DCFA}"
EndProject
Project("{9A19103F-16F7-4668-BE54-9A1E7A4F7556}") = "Basket.API", "src\Services\Basket\Basket.API\Basket.API.csproj", "{338CA541-B836-43AC-81DC-2228510DA756}"
EndProject
Project("{2150E333-8FDC-42A3-9474-1A3956D46DE8}") = "Discount", "Discount", "{B490AD14-1890-4F3B-9DEB-36B73C58C437}"
EndProject
Project("{9A19103F-16F7-4668-BE54-9A1E7A4F7556}") = "Discount.Grpc", "src\Services\Discount\Discount.Grpc\Discount.Grpc.csproj", "{0AC0A17E-0ED3-4CAF-9C80-2E4B1328EA4C}"
EndProject
Project("{2150E333-8FDC-42A3-9474-1A3956D46DE8}") = "Ordering", "Ordering", "{E4439955-F98F-423E-A8B4-8C91A882A836}"
EndProject
Project("{9A19103F-16F7-4668-BE54-9A1E7A4F7556}") = "Ordering.Domain", "src\Services\Ordering\Ordering.Domain\Ordering.Domain.csproj", "{6CDDBC0A-A5F3-4AA7-B373-CEBDBAEED8CE}"
EndProject
Project("{9A19103F-16F7-4668-BE54-9A1E7A4F7556}") = "Ordering.Application", "src\Services\Ordering\Ordering.Application\Ordering.Application.csproj", "{8F95FBD4-BE70-4CF4-A31E-70AA0995419E}"
EndProject
Project("{9A19103F-16F7-4668-BE54-9A1E7A4F7556}") = "Ordering.Infrastructure", "src\Services\Ordering\Ordering.Infrastructure\Ordering.Infrastructure.csproj", "{FC43D51A-F50F-4E2F-98CB-E653B7392251}"
EndProject
Project("{9A19103F-16F7-4668-BE54-9A1E7A4F7556}") = "Ordering.API", "src\Services\Ordering\Ordering.API\Ordering.API.csproj", "{B454BE97-8837-4D49-BA8A-F3B1C264C920}"
EndProject
Project("{9A19103F-16F7-4668-BE54-9A1E7A4F7556}") = "BuildingBlocks.Messaging", "src\BuildingBlocks\BuildingBlocks.Messaging\BuildingBlocks.Messaging.csproj", "{A1D5FDBA-B7FD-49EE-8508-F12891870652}"
EndProject
Project("{2150E333-8FDC-42A3-9474-1A3956D46DE8}") = "ApiGateways", "ApiGateways", "{89B20A3C-4B1B-4116-846D-C26AC2C79004}"
EndProject
Project("{9A19103F-16F7-4668-BE54-9A1E7A4F7556}") = "YarpApiGateway", "src\ApiGateways\YarpApiGateway\YarpApiGateway.csproj", "{509C9CDD-4028-4A79-A384-3A2FD622B009}"
EndProject
Project("{2150E333-8FDC-42A3-9474-1A3956D46DE8}") = "WebApps", "WebApps", "{C8FCA994-B2F6-4AAE-A8C5-AB9A4F6F4B9E}"
EndProject
Project("{9A19103F-16F7-4668-BE54-9A1E7A4F7556}") = "OnlineShop.Web", "src\WebApps\OnlineShop.Web\OnlineShop.Web.csproj", "{AC156CE5-2A0C-4561-8599-422D095F4550}"
EndProject
Project("{E53339B2-1760-4266-BCC7-CA923CBCF16C}") = "docker-compose", "docker-compose.dcproj", "{13C45734-3F2F-45F2-A2BC-A9160F079205}"
EndProject
Global
	GlobalSection(SolutionConfigurationPlatforms) = preSolution
		Debug|Any CPU = Debug|Any CPU
		Release|Any CPU = Release|Any CPU
	EndGlobalSection
	GlobalSection(ProjectConfigurationPlatforms) = postSolution
		{6C05F9E8-A525-4DCA-A6C3-4DB3245308A9}.Debug|Any CPU.ActiveCfg = Debug|Any CPU
		{6C05F9E8-A525-4DCA-A6C3-4DB3245308A9}.Debug|Any CPU.Build.0 = Debug|Any CPU
		{6C05F9E8-A525-4DCA-A6C3-4DB3245308A9}.Release|Any CPU.ActiveCfg = Release|Any CPU
		{6C05F9E8-A525-4DCA-A6C3-4DB3245308A9}.Release|Any CPU.Build.0 = Release|Any CPU
		{270792F6-D858-4AEF-A033-95B413E53CF1}.Debug|Any CPU.ActiveCfg = Debug|Any CPU
		{270792F6-D858-4AEF-A033-95B413E53CF1}.Debug|Any CPU.Build.0 = Debug|Any CPU
		{270792F6-D858-4AEF-A033-95B413E53CF1}.Release|Any CPU.ActiveCfg = Release|Any CPU
		{270792F6-D858-4AEF-A033-95B413E53CF1}.Release|Any CPU.Build.0 = Release|Any CPU
		{338CA541-B836-43AC-81DC-2228510DA756}.Debug|Any CPU.ActiveCfg = Debug|Any CPU
		{338CA541-B836-43AC-81DC-2228510DA756}.Debug|Any CPU.Build.0 = Debug|Any CPU
		{338CA541-B836-43AC-81DC-2228510DA756}.Release|Any CPU.ActiveCfg = Release|Any CPU
		{338CA541-B836-43AC-81DC-2228510DA756}.Release|Any CPU.Build.0 = Release|Any CPU
		{0AC0A17E-0ED3-4CAF-9C80-2E4B1328EA4C}.Debug|Any CPU.ActiveCfg = Debug|Any CPU
		{0AC0A17E-0ED3-4CAF-9C80-2E4B1328EA4C}.Debug|Any CPU.Build.0 = Debug|Any CPU
		{0AC0A17E-0ED3-4CAF-9C80-2E4B1328EA4C}.Release|Any CPU.ActiveCfg = Release|Any CPU
		{0AC0A17E-0ED3-4CAF-9C80-2E4B1328EA4C}.Release|Any CPU.Build.0 = Release|Any CPU
		{6CDDBC0A-A5F3-4AA7-B373-CEBDBAEED8CE}.Debug|Any CPU.ActiveCfg = Debug|Any CPU
		{6CDDBC0A-A5F3-4AA7-B373-CEBDBAEED8CE}.Debug|Any CPU.Build.0 = Debug|Any CPU
		{6CDDBC0A-A5F3-4AA7-B373-CEBDBAEED8CE}.Release|Any CPU.ActiveCfg = Release|Any CPU
		{6CDDBC0A-A5F3-4AA7-B373-CEBDBAEED8CE}.Release|Any CPU.Build.0 = Release|Any CPU
		{8F95FBD4-BE70-4CF4-A31E-70AA0995419E}.Debug|Any CPU.ActiveCfg = Debug|Any CPU
		{8F95FBD4-BE70-4CF4-A31E-70AA0995419E}.Debug|Any CPU.Build.0 = Debug|Any CPU
		{8F95FBD4-BE70-4CF4-A31E-70AA0995419E}.Release|Any CPU.ActiveCfg = Release|Any CPU
		{8F95FBD4-BE70-4CF4-A31E-70AA0995419E}.Release|Any CPU.Build.0 = Release|Any CPU
		{FC43D51A-F50F-4E2F-98CB-E653B7392251}.Debug|Any CPU.ActiveCfg = Debug|Any CPU
		{FC43D51A-F50F-4E2F-98CB-E653B7392251}.Debug|Any CPU.Build.0 = Debug|Any CPU
		{FC43D51A-F50F-4E2F-98CB-E653B7392251}.Release|Any CPU.ActiveCfg = Release|Any CPU
		{FC43D51A-F50F-4E2F-98CB-E653B7392251}.Release|Any CPU.Build.0 = Release|Any CPU
		{B454BE97-8837-4D49-BA8A-F3B1C264C920}.Debug|Any CPU.ActiveCfg = Debug|Any CPU
		{B454BE97-8837-4D49-BA8A-F3B1C264C920}.Debug|Any CPU.Build.0 = Debug|Any CPU
		{B454BE97-8837-4D49-BA8A-F3B1C264C920}.Release|Any CPU.ActiveCfg = Release|Any CPU
		{B454BE97-8837-4D49-BA8A-F3B1C264C920}.Release|Any CPU.Build.0 = Release|Any CPU
		{A1D5FDBA-B7FD-49EE-8508-F12891870652}.Debug|Any CPU.ActiveCfg = Debug|Any CPU
		{A1D5FDBA-B7FD-49EE-8508-F12891870652}.Debug|Any CPU.Build.0 = Debug|Any CPU
		{A1D5FDBA-B7FD-49EE-8508-F12891870652}.Release|Any CPU.ActiveCfg = Release|Any CPU
		{A1D5FDBA-B7FD-49EE-8508-F12891870652}.Release|Any CPU.Build.0 = Release|Any CPU
		{509C9CDD-4028-4A79-A384-3A2FD622B009}.Debug|Any CPU.ActiveCfg = Debug|Any CPU
		{509C9CDD-4028-4A79-A384-3A2FD622B009}.Debug|Any CPU.Build.0 = Debug|Any CPU
		{509C9CDD-4028-4A79-A384-3A2FD622B009}.Release|Any CPU.ActiveCfg = Release|Any CPU
		{509C9CDD-4028-4A79-A384-3A2FD622B009}.Release|Any CPU.Build.0 = Release|Any CPU
		{AC156CE5-2A0C-4561-8599-422D095F4550}.Debug|Any CPU.ActiveCfg = Debug|Any CPU
		{AC156CE5-2A0C-4561-8599-422D095F4550}.Debug|Any CPU.Build.0 = Debug|Any CPU
		{AC156CE5-2A0C-4561-8599-422D095F4550}.Release|Any CPU.ActiveCfg = Release|Any CPU
		{AC156CE5-2A0C-4561-8599-422D095F4550}.Release|Any CPU.Build.0 = Release|Any CPU
		{13C45734-3F2F-45F2-A2BC-A9160F079205}.Debug|Any CPU.ActiveCfg = Debug|Any CPU
		{13C45734-3F2F-45F2-A2BC-A9160F079205}.Debug|Any CPU.Build.0 = Debug|Any CPU
		{13C45734-3F2F-45F2-A2BC-A9160F079205}.Release|Any CPU.ActiveCfg = Release|Any CPU
		{13C45734-3F2F-45F2-A2BC-A9160F079205}.Release|Any CPU.Build.0 = Release|Any CPU
	EndGlobalSection
	GlobalSection(SolutionProperties) = preSolution
		HideSolutionNode = FALSE
	EndGlobalSection
	GlobalSection(NestedProjects) = preSolution
		{26EA6376-CEFD-468D-A039-108152CCF974} = {A2AC095A-5010-43B1-9CDA-733BC66A0068}
		{6C05F9E8-A525-4DCA-A6C3-4DB3245308A9} = {26EA6376-CEFD-468D-A039-108152CCF974}
		{270792F6-D858-4AEF-A033-95B413E53CF1} = {AC9F6BF8-59C4-4445-BA5A-A78DA8447020}
		{59211A7A-B196-4EDD-ABA1-8BEF36D3DCFA} = {A2AC095A-5010-43B1-9CDA-733BC66A0068}
		{338CA541-B836-43AC-81DC-2228510DA756} = {59211A7A-B196-4EDD-ABA1-8BEF36D3DCFA}
		{B490AD14-1890-4F3B-9DEB-36B73C58C437} = {A2AC095A-5010-43B1-9CDA-733BC66A0068}
		{0AC0A17E-0ED3-4CAF-9C80-2E4B1328EA4C} = {B490AD14-1890-4F3B-9DEB-36B73C58C437}
		{E4439955-F98F-423E-A8B4-8C91A882A836} = {A2AC095A-5010-43B1-9CDA-733BC66A0068}
		{6CDDBC0A-A5F3-4AA7-B373-CEBDBAEED8CE} = {E4439955-F98F-423E-A8B4-8C91A882A836}
		{8F95FBD4-BE70-4CF4-A31E-70AA0995419E} = {E4439955-F98F-423E-A8B4-8C91A882A836}
		{FC43D51A-F50F-4E2F-98CB-E653B7392251} = {E4439955-F98F-423E-A8B4-8C91A882A836}
		{B454BE97-8837-4D49-BA8A-F3B1C264C920} = {E4439955-F98F-423E-A8B4-8C91A882A836}
		{A1D5FDBA-B7FD-49EE-8508-F12891870652} = {AC9F6BF8-59C4-4445-BA5A-A78DA8447020}
		{509C9CDD-4028-4A79-A384-3A2FD622B009} = {89B20A3C-4B1B-4116-846D-C26AC2C79004}
		{AC156CE5-2A0C-4561-8599-422D095F4550} = {C8FCA994-B2F6-4AAE-A8C5-AB9A4F6F4B9E}
	EndGlobalSection
	GlobalSection(ExtensibilityGlobals) = postSolution
		SolutionGuid = {CC54F95F-DB5A-4219-9954-8CCB6E60FAD7}
	EndGlobalSection
EndGlobal
